# This file is automatically @generated by Cargo.
# It is not intended for manual editing.
version = 3

[[package]]
name = "farvm"
version = "1.0.0"
dependencies = [
 "farvm_compiler",
 "farvm_tree",
 "farvm_utils",
 "farvm_vm",
]

[[package]]
name = "farvm_compiler"
version = "1.0.0"
dependencies = [
 "farvm_tree",
 "farvm_vm",
]

[[package]]
name = "farvm_std"
version = "1.0.0"
dependencies = [
 "farvm_utils",
 "farvm_vm",
]

[[package]]
name = "farvm_tree"
version = "1.0.0"
dependencies = [
 "farvm_utils",
]

[[package]]
name = "farvm_utils"
version = "1.0.0"

[[package]]
name = "farvm_vm"
version = "1.0.0"
